// !$*UTF8*$!
{
	archiveVersion = 1;
	classes = {
	};
	objectVersion = 52;
	objects = {

/* Begin PBXBuildFile section */
		ED0A2FA6245C1D3D00C7C7B9 /* UsersNavigationController.swift in Sources */ = {isa = PBXBuildFile; fileRef = ED0A2FA5245C1D3D00C7C7B9 /* UsersNavigationController.swift */; };
		ED0A2FA8245C1FFE00C7C7B9 /* UserDetailsViewModel.swift in Sources */ = {isa = PBXBuildFile; fileRef = ED0A2FA7245C1FFE00C7C7B9 /* UserDetailsViewModel.swift */; };
		ED0A2FAB245C201C00C7C7B9 /* User.swift in Sources */ = {isa = PBXBuildFile; fileRef = ED0A2FAA245C201C00C7C7B9 /* User.swift */; };
		ED0A2FAD245C20A000C7C7B9 /* UsersListViewModel.swift in Sources */ = {isa = PBXBuildFile; fileRef = ED0A2FAC245C20A000C7C7B9 /* UsersListViewModel.swift */; };
		EDA48A8424586059007F81B2 /* SplashscreenViewController.swift in Sources */ = {isa = PBXBuildFile; fileRef = EDA48A8324586059007F81B2 /* SplashscreenViewController.swift */; };
		EDA48A862458615F007F81B2 /* DashboardViewController.swift in Sources */ = {isa = PBXBuildFile; fileRef = EDA48A852458615F007F81B2 /* DashboardViewController.swift */; };
		EDAA6097245C0BF100B1DC6D /* UsersCoordinator.swift in Sources */ = {isa = PBXBuildFile; fileRef = EDAA6096245C0BF100B1DC6D /* UsersCoordinator.swift */; };
		EDAA6099245C0C2200B1DC6D /* UsersListViewController.swift in Sources */ = {isa = PBXBuildFile; fileRef = EDAA6098245C0C2200B1DC6D /* UsersListViewController.swift */; };
		EDAA609B245C0C7A00B1DC6D /* UserDetailsViewController.swift in Sources */ = {isa = PBXBuildFile; fileRef = EDAA609A245C0C7A00B1DC6D /* UserDetailsViewController.swift */; };
		EDE87F1124585D1D00C93DA9 /* AppDelegate.swift in Sources */ = {isa = PBXBuildFile; fileRef = EDE87F1024585D1D00C93DA9 /* AppDelegate.swift */; };
		EDE87F1A24585D1E00C93DA9 /* Assets.xcassets in Resources */ = {isa = PBXBuildFile; fileRef = EDE87F1924585D1E00C93DA9 /* Assets.xcassets */; };
		EDE87F1D24585D1E00C93DA9 /* LaunchScreen.storyboard in Resources */ = {isa = PBXBuildFile; fileRef = EDE87F1B24585D1E00C93DA9 /* LaunchScreen.storyboard */; };
		EDE87F2C24585DD500C93DA9 /* Maestro.framework in Frameworks */ = {isa = PBXBuildFile; fileRef = EDE87F2B24585DD500C93DA9 /* Maestro.framework */; };
		EDE87F2D24585DD500C93DA9 /* Maestro.framework in Embed Frameworks */ = {isa = PBXBuildFile; fileRef = EDE87F2B24585DD500C93DA9 /* Maestro.framework */; settings = {ATTRIBUTES = (CodeSignOnCopy, RemoveHeadersOnCopy, ); }; };
		EDE87F3424585F8700C93DA9 /* RootCoordinator.swift in Sources */ = {isa = PBXBuildFile; fileRef = EDE87F3324585F8700C93DA9 /* RootCoordinator.swift */; };
/* End PBXBuildFile section */

/* Begin PBXCopyFilesBuildPhase section */
		EDE87F2E24585DD500C93DA9 /* Embed Frameworks */ = {
			isa = PBXCopyFilesBuildPhase;
			buildActionMask = 2147483647;
			dstPath = "";
			dstSubfolderSpec = 10;
			files = (
				EDE87F2D24585DD500C93DA9 /* Maestro.framework in Embed Frameworks */,
			);
			name = "Embed Frameworks";
			runOnlyForDeploymentPostprocessing = 0;
		};
/* End PBXCopyFilesBuildPhase section */

/* Begin PBXFileReference section */
		ED0A2FA5245C1D3D00C7C7B9 /* UsersNavigationController.swift */ = {isa = PBXFileReference; lastKnownFileType = sourcecode.swift; path = UsersNavigationController.swift; sourceTree = "<group>"; };
		ED0A2FA7245C1FFE00C7C7B9 /* UserDetailsViewModel.swift */ = {isa = PBXFileReference; lastKnownFileType = sourcecode.swift; path = UserDetailsViewModel.swift; sourceTree = "<group>"; };
		ED0A2FAA245C201C00C7C7B9 /* User.swift */ = {isa = PBXFileReference; lastKnownFileType = sourcecode.swift; path = User.swift; sourceTree = "<group>"; };
		ED0A2FAC245C20A000C7C7B9 /* UsersListViewModel.swift */ = {isa = PBXFileReference; lastKnownFileType = sourcecode.swift; path = UsersListViewModel.swift; sourceTree = "<group>"; };
		EDA48A8324586059007F81B2 /* SplashscreenViewController.swift */ = {isa = PBXFileReference; lastKnownFileType = sourcecode.swift; path = SplashscreenViewController.swift; sourceTree = "<group>"; };
		EDA48A852458615F007F81B2 /* DashboardViewController.swift */ = {isa = PBXFileReference; lastKnownFileType = sourcecode.swift; path = DashboardViewController.swift; sourceTree = "<group>"; };
		EDAA6096245C0BF100B1DC6D /* UsersCoordinator.swift */ = {isa = PBXFileReference; lastKnownFileType = sourcecode.swift; path = UsersCoordinator.swift; sourceTree = "<group>"; };
		EDAA6098245C0C2200B1DC6D /* UsersListViewController.swift */ = {isa = PBXFileReference; lastKnownFileType = sourcecode.swift; path = UsersListViewController.swift; sourceTree = "<group>"; };
		EDAA609A245C0C7A00B1DC6D /* UserDetailsViewController.swift */ = {isa = PBXFileReference; lastKnownFileType = sourcecode.swift; path = UserDetailsViewController.swift; sourceTree = "<group>"; };
		EDE87F0D24585D1D00C93DA9 /* Sample.app */ = {isa = PBXFileReference; explicitFileType = wrapper.application; includeInIndex = 0; name = Sample.app; path = Maestro.app; sourceTree = BUILT_PRODUCTS_DIR; };
		EDE87F1024585D1D00C93DA9 /* AppDelegate.swift */ = {isa = PBXFileReference; lastKnownFileType = sourcecode.swift; path = AppDelegate.swift; sourceTree = "<group>"; };
		EDE87F1924585D1E00C93DA9 /* Assets.xcassets */ = {isa = PBXFileReference; lastKnownFileType = folder.assetcatalog; path = Assets.xcassets; sourceTree = "<group>"; };
		EDE87F1C24585D1E00C93DA9 /* Base */ = {isa = PBXFileReference; lastKnownFileType = file.storyboard; name = Base; path = Base.lproj/LaunchScreen.storyboard; sourceTree = "<group>"; };
		EDE87F1E24585D1E00C93DA9 /* Info.plist */ = {isa = PBXFileReference; lastKnownFileType = text.plist.xml; path = Info.plist; sourceTree = "<group>"; };
		EDE87F2B24585DD500C93DA9 /* Maestro.framework */ = {isa = PBXFileReference; explicitFileType = wrapper.framework; path = Maestro.framework; sourceTree = BUILT_PRODUCTS_DIR; };
		EDE87F3324585F8700C93DA9 /* RootCoordinator.swift */ = {isa = PBXFileReference; lastKnownFileType = sourcecode.swift; path = RootCoordinator.swift; sourceTree = "<group>"; };
/* End PBXFileReference section */

/* Begin PBXFrameworksBuildPhase section */
		EDE87F0A24585D1D00C93DA9 /* Frameworks */ = {
			isa = PBXFrameworksBuildPhase;
			buildActionMask = 2147483647;
			files = (
				EDE87F2C24585DD500C93DA9 /* Maestro.framework in Frameworks */,
			);
			runOnlyForDeploymentPostprocessing = 0;
		};
/* End PBXFrameworksBuildPhase section */

/* Begin PBXGroup section */
		ED0A2FA9245C201200C7C7B9 /* Models */ = {
			isa = PBXGroup;
			children = (
				ED0A2FAA245C201C00C7C7B9 /* User.swift */,
			);
			path = Models;
			sourceTree = "<group>";
		};
		EDAA6095245C0BD600B1DC6D /* Users */ = {
			isa = PBXGroup;
			children = (
				EDAA609A245C0C7A00B1DC6D /* UserDetailsViewController.swift */,
				ED0A2FA7245C1FFE00C7C7B9 /* UserDetailsViewModel.swift */,
				EDAA6098245C0C2200B1DC6D /* UsersListViewController.swift */,
				ED0A2FAC245C20A000C7C7B9 /* UsersListViewModel.swift */,
				ED0A2FA5245C1D3D00C7C7B9 /* UsersNavigationController.swift */,
			);
			path = Users;
			sourceTree = "<group>";
		};
		EDE87F0424585D1D00C93DA9 = {
			isa = PBXGroup;
			children = (
				EDE87F2F24585E0000C93DA9 /* Configurations */,
				EDE87F0F24585D1D00C93DA9 /* Sources */,
				EDE87F0E24585D1D00C93DA9 /* Products */,
				EDE87F2A24585DD500C93DA9 /* Frameworks */,
			);
			sourceTree = "<group>";
		};
		EDE87F0E24585D1D00C93DA9 /* Products */ = {
			isa = PBXGroup;
			children = (
				EDE87F0D24585D1D00C93DA9 /* Sample.app */,
			);
			name = Products;
			sourceTree = "<group>";
		};
		EDE87F0F24585D1D00C93DA9 /* Sources */ = {
			isa = PBXGroup;
			children = (
				ED0A2FA9245C201200C7C7B9 /* Models */,
				EDE87F1024585D1D00C93DA9 /* AppDelegate.swift */,
				EDE87F3124585E2600C93DA9 /* Resources */,
				EDE87F3024585E0C00C93DA9 /* Views */,
			);
			path = Sources;
			sourceTree = "<group>";
		};
		EDE87F2A24585DD500C93DA9 /* Frameworks */ = {
			isa = PBXGroup;
			children = (
				EDE87F2B24585DD500C93DA9 /* Maestro.framework */,
			);
			name = Frameworks;
			sourceTree = "<group>";
		};
		EDE87F2F24585E0000C93DA9 /* Configurations */ = {
			isa = PBXGroup;
			children = (
				EDE87F1E24585D1E00C93DA9 /* Info.plist */,
			);
			path = Configurations;
			sourceTree = "<group>";
		};
		EDE87F3024585E0C00C93DA9 /* Views */ = {
			isa = PBXGroup;
			children = (
				EDE87F3224585F6B00C93DA9 /* Coordinators */,
				EDA48A852458615F007F81B2 /* DashboardViewController.swift */,
				EDE87F1B24585D1E00C93DA9 /* LaunchScreen.storyboard */,
				EDA48A8324586059007F81B2 /* SplashscreenViewController.swift */,
				EDAA6095245C0BD600B1DC6D /* Users */,
			);
			path = Views;
			sourceTree = "<group>";
		};
		EDE87F3124585E2600C93DA9 /* Resources */ = {
			isa = PBXGroup;
			children = (
				EDE87F1924585D1E00C93DA9 /* Assets.xcassets */,
			);
			path = Resources;
			sourceTree = "<group>";
		};
		EDE87F3224585F6B00C93DA9 /* Coordinators */ = {
			isa = PBXGroup;
			children = (
				EDE87F3324585F8700C93DA9 /* RootCoordinator.swift */,
				EDAA6096245C0BF100B1DC6D /* UsersCoordinator.swift */,
			);
			path = Coordinators;
			sourceTree = "<group>";
		};
/* End PBXGroup section */

/* Begin PBXNativeTarget section */
		EDE87F0C24585D1D00C93DA9 /* Sample */ = {
			isa = PBXNativeTarget;
			buildConfigurationList = EDE87F2124585D1E00C93DA9 /* Build configuration list for PBXNativeTarget "Sample" */;
			buildPhases = (
				EDE87F0924585D1D00C93DA9 /* Sources */,
				EDE87F0A24585D1D00C93DA9 /* Frameworks */,
				EDE87F0B24585D1D00C93DA9 /* Resources */,
				EDE87F2E24585DD500C93DA9 /* Embed Frameworks */,
			);
			buildRules = (
			);
			dependencies = (
			);
			name = Sample;
			productName = Sample;
			productReference = EDE87F0D24585D1D00C93DA9 /* Sample.app */;
			productType = "com.apple.product-type.application";
		};
/* End PBXNativeTarget section */

/* Begin PBXProject section */
		EDE87F0524585D1D00C93DA9 /* Project object */ = {
			isa = PBXProject;
			attributes = {
				LastSwiftUpdateCheck = 1140;
				LastUpgradeCheck = 1140;
				ORGANIZATIONNAME = "Damien Rivet";
				TargetAttributes = {
					EDE87F0C24585D1D00C93DA9 = {
						CreatedOnToolsVersion = 11.4;
					};
				};
			};
			buildConfigurationList = EDE87F0824585D1D00C93DA9 /* Build configuration list for PBXProject "Sample" */;
			compatibilityVersion = "Xcode 11.0";
			developmentRegion = en;
			hasScannedForEncodings = 0;
			knownRegions = (
				en,
				Base,
			);
			mainGroup = EDE87F0424585D1D00C93DA9;
			productRefGroup = EDE87F0E24585D1D00C93DA9 /* Products */;
			projectDirPath = "";
			projectRoot = "";
			targets = (
				EDE87F0C24585D1D00C93DA9 /* Sample */,
			);
		};
/* End PBXProject section */

/* Begin PBXResourcesBuildPhase section */
		EDE87F0B24585D1D00C93DA9 /* Resources */ = {
			isa = PBXResourcesBuildPhase;
			buildActionMask = 2147483647;
			files = (
				EDE87F1D24585D1E00C93DA9 /* LaunchScreen.storyboard in Resources */,
				EDE87F1A24585D1E00C93DA9 /* Assets.xcassets in Resources */,
			);
			runOnlyForDeploymentPostprocessing = 0;
		};
/* End PBXResourcesBuildPhase section */

/* Begin PBXSourcesBuildPhase section */
		EDE87F0924585D1D00C93DA9 /* Sources */ = {
			isa = PBXSourcesBuildPhase;
			buildActionMask = 2147483647;
			files = (
				ED0A2FA6245C1D3D00C7C7B9 /* UsersNavigationController.swift in Sources */,
				EDE87F3424585F8700C93DA9 /* RootCoordinator.swift in Sources */,
				ED0A2FA8245C1FFE00C7C7B9 /* UserDetailsViewModel.swift in Sources */,
				EDA48A862458615F007F81B2 /* DashboardViewController.swift in Sources */,
				EDAA6097245C0BF100B1DC6D /* UsersCoordinator.swift in Sources */,
				EDA48A8424586059007F81B2 /* SplashscreenViewController.swift in Sources */,
				EDAA609B245C0C7A00B1DC6D /* UserDetailsViewController.swift in Sources */,
				EDE87F1124585D1D00C93DA9 /* AppDelegate.swift in Sources */,
				ED0A2FAD245C20A000C7C7B9 /* UsersListViewModel.swift in Sources */,
				ED0A2FAB245C201C00C7C7B9 /* User.swift in Sources */,
				EDAA6099245C0C2200B1DC6D /* UsersListViewController.swift in Sources */,
			);
			runOnlyForDeploymentPostprocessing = 0;
		};
/* End PBXSourcesBuildPhase section */

/* Begin PBXVariantGroup section */
		EDE87F1B24585D1E00C93DA9 /* LaunchScreen.storyboard */ = {
			isa = PBXVariantGroup;
			children = (
				EDE87F1C24585D1E00C93DA9 /* Base */,
			);
			name = LaunchScreen.storyboard;
			sourceTree = "<group>";
		};
/* End PBXVariantGroup section */

/* Begin XCBuildConfiguration section */
		EDE87F1F24585D1E00C93DA9 /* Debug */ = {
			isa = XCBuildConfiguration;
			buildSettings = {
				ALWAYS_SEARCH_USER_PATHS = NO;
				CLANG_ANALYZER_NONNULL = YES;
				CLANG_ANALYZER_NUMBER_OBJECT_CONVERSION = YES_AGGRESSIVE;
				CLANG_CXX_LANGUAGE_STANDARD = "gnu++14";
				CLANG_CXX_LIBRARY = "libc++";
				CLANG_ENABLE_MODULES = YES;
				CLANG_ENABLE_OBJC_ARC = YES;
				CLANG_ENABLE_OBJC_WEAK = YES;
				CLANG_WARN_BLOCK_CAPTURE_AUTORELEASING = YES;
				CLANG_WARN_BOOL_CONVERSION = YES;
				CLANG_WARN_COMMA = YES;
				CLANG_WARN_CONSTANT_CONVERSION = YES;
				CLANG_WARN_DEPRECATED_OBJC_IMPLEMENTATIONS = YES;
				CLANG_WARN_DIRECT_OBJC_ISA_USAGE = YES_ERROR;
				CLANG_WARN_DOCUMENTATION_COMMENTS = YES;
				CLANG_WARN_EMPTY_BODY = YES;
				CLANG_WARN_ENUM_CONVERSION = YES;
				CLANG_WARN_INFINITE_RECURSION = YES;
				CLANG_WARN_INT_CONVERSION = YES;
				CLANG_WARN_NON_LITERAL_NULL_CONVERSION = YES;
				CLANG_WARN_OBJC_IMPLICIT_RETAIN_SELF = YES;
				CLANG_WARN_OBJC_LITERAL_CONVERSION = YES;
				CLANG_WARN_OBJC_ROOT_CLASS = YES_ERROR;
				CLANG_WARN_RANGE_LOOP_ANALYSIS = YES;
				CLANG_WARN_STRICT_PROTOTYPES = YES;
				CLANG_WARN_SUSPICIOUS_MOVE = YES;
				CLANG_WARN_UNGUARDED_AVAILABILITY = YES_AGGRESSIVE;
				CLANG_WARN_UNREACHABLE_CODE = YES;
				CLANG_WARN__DUPLICATE_METHOD_MATCH = YES;
				COPY_PHASE_STRIP = NO;
				DEBUG_INFORMATION_FORMAT = dwarf;
				DEFINES_MODULE = YES;
				ENABLE_STRICT_OBJC_MSGSEND = YES;
				ENABLE_TESTABILITY = YES;
				GCC_C_LANGUAGE_STANDARD = gnu11;
				GCC_DYNAMIC_NO_PIC = NO;
				GCC_NO_COMMON_BLOCKS = YES;
				GCC_OPTIMIZATION_LEVEL = 0;
				GCC_PREPROCESSOR_DEFINITIONS = (
					"DEBUG=1",
					"$(inherited)",
				);
				GCC_WARN_64_TO_32_BIT_CONVERSION = YES;
				GCC_WARN_ABOUT_RETURN_TYPE = YES_ERROR;
				GCC_WARN_UNDECLARED_SELECTOR = YES;
				GCC_WARN_UNINITIALIZED_AUTOS = YES_AGGRESSIVE;
				GCC_WARN_UNUSED_FUNCTION = YES;
				GCC_WARN_UNUSED_VARIABLE = YES;
				INFOPLIST_FILE = Configurations/Info.plist;
				IPHONEOS_DEPLOYMENT_TARGET = 12.0;
				LD_RUNPATH_SEARCH_PATHS = (
					"$(inherited)",
					"@executable_path/Frameworks",
				);
				MTL_ENABLE_DEBUG_INFO = INCLUDE_SOURCE;
				MTL_FAST_MATH = YES;
				ONLY_ACTIVE_ARCH = YES;
				PRODUCT_BUNDLE_IDENTIFIER = com.github.ethenyl.Sample;
				PRODUCT_MODULE_NAME = MaestroSampleApp;
				PRODUCT_NAME = Maestro;
				SDKROOT = iphoneos;
				SWIFT_ACTIVE_COMPILATION_CONDITIONS = DEBUG;
				SWIFT_OPTIMIZATION_LEVEL = "-Onone";
				SWIFT_VERSION = 5.0;
				TARGETED_DEVICE_FAMILY = "1,2";
			};
			name = Debug;
		};
		EDE87F2024585D1E00C93DA9 /* Release */ = {
			isa = XCBuildConfiguration;
			buildSettings = {
				ALWAYS_SEARCH_USER_PATHS = NO;
				CLANG_ANALYZER_NONNULL = YES;
				CLANG_ANALYZER_NUMBER_OBJECT_CONVERSION = YES_AGGRESSIVE;
				CLANG_CXX_LANGUAGE_STANDARD = "gnu++14";
				CLANG_CXX_LIBRARY = "libc++";
				CLANG_ENABLE_MODULES = YES;
				CLANG_ENABLE_OBJC_ARC = YES;
				CLANG_ENABLE_OBJC_WEAK = YES;
				CLANG_WARN_BLOCK_CAPTURE_AUTORELEASING = YES;
				CLANG_WARN_BOOL_CONVERSION = YES;
				CLANG_WARN_COMMA = YES;
				CLANG_WARN_CONSTANT_CONVERSION = YES;
				CLANG_WARN_DEPRECATED_OBJC_IMPLEMENTATIONS = YES;
				CLANG_WARN_DIRECT_OBJC_ISA_USAGE = YES_ERROR;
				CLANG_WARN_DOCUMENTATION_COMMENTS = YES;
				CLANG_WARN_EMPTY_BODY = YES;
				CLANG_WARN_ENUM_CONVERSION = YES;
				CLANG_WARN_INFINITE_RECURSION = YES;
				CLANG_WARN_INT_CONVERSION = YES;
				CLANG_WARN_NON_LITERAL_NULL_CONVERSION = YES;
				CLANG_WARN_OBJC_IMPLICIT_RETAIN_SELF = YES;
				CLANG_WARN_OBJC_LITERAL_CONVERSION = YES;
				CLANG_WARN_OBJC_ROOT_CLASS = YES_ERROR;
				CLANG_WARN_RANGE_LOOP_ANALYSIS = YES;
				CLANG_WARN_STRICT_PROTOTYPES = YES;
				CLANG_WARN_SUSPICIOUS_MOVE = YES;
				CLANG_WARN_UNGUARDED_AVAILABILITY = YES_AGGRESSIVE;
				CLANG_WARN_UNREACHABLE_CODE = YES;
				CLANG_WARN__DUPLICATE_METHOD_MATCH = YES;
				COPY_PHASE_STRIP = NO;
				DEBUG_INFORMATION_FORMAT = "dwarf-with-dsym";
				DEFINES_MODULE = YES;
				ENABLE_NS_ASSERTIONS = NO;
				ENABLE_STRICT_OBJC_MSGSEND = YES;
				GCC_C_LANGUAGE_STANDARD = gnu11;
				GCC_NO_COMMON_BLOCKS = YES;
				GCC_WARN_64_TO_32_BIT_CONVERSION = YES;
				GCC_WARN_ABOUT_RETURN_TYPE = YES_ERROR;
				GCC_WARN_UNDECLARED_SELECTOR = YES;
				GCC_WARN_UNINITIALIZED_AUTOS = YES_AGGRESSIVE;
				GCC_WARN_UNUSED_FUNCTION = YES;
				GCC_WARN_UNUSED_VARIABLE = YES;
				INFOPLIST_FILE = Configurations/Info.plist;
				IPHONEOS_DEPLOYMENT_TARGET = 12.0;
				LD_RUNPATH_SEARCH_PATHS = (
					"$(inherited)",
					"@executable_path/Frameworks",
				);
				MTL_ENABLE_DEBUG_INFO = NO;
				MTL_FAST_MATH = YES;
				PRODUCT_BUNDLE_IDENTIFIER = com.github.ethenyl.Sample;
				PRODUCT_MODULE_NAME = MaestroSampleApp;
				PRODUCT_NAME = Maestro;
				SDKROOT = iphoneos;
				SWIFT_COMPILATION_MODE = wholemodule;
				SWIFT_OPTIMIZATION_LEVEL = "-O";
				SWIFT_VERSION = 5.0;
				TARGETED_DEVICE_FAMILY = "1,2";
				VALIDATE_PRODUCT = YES;
			};
			name = Release;
		};
		EDE87F2224585D1E00C93DA9 /* Debug */ = {
			isa = XCBuildConfiguration;
			buildSettings = {
				ASSETCATALOG_COMPILER_APPICON_NAME = AppIcon;
				CODE_SIGN_STYLE = Automatic;
				LD_RUNPATH_SEARCH_PATHS = (
					"$(inherited)",
					"@executable_path/Frameworks",
				);
			};
			name = Debug;
		};
		EDE87F2324585D1E00C93DA9 /* Release */ = {
			isa = XCBuildConfiguration;
			buildSettings = {
				ASSETCATALOG_COMPILER_APPICON_NAME = AppIcon;
				CODE_SIGN_STYLE = Automatic;
				LD_RUNPATH_SEARCH_PATHS = (
					"$(inherited)",
					"@executable_path/Frameworks",
				);
			};
			name = Release;
		};
/* End XCBuildConfiguration section */

/* Begin XCConfigurationList section */
		EDE87F0824585D1D00C93DA9 /* Build configuration list for PBXProject "Sample" */ = {
			isa = XCConfigurationList;
			buildConfigurations = (
				EDE87F1F24585D1E00C93DA9 /* Debug */,
				EDE87F2024585D1E00C93DA9 /* Release */,
			);
			defaultConfigurationIsVisible = 0;
			defaultConfigurationName = Release;
		};
		EDE87F2124585D1E00C93DA9 /* Build configuration list for PBXNativeTarget "Sample" */ = {
			isa = XCConfigurationList;
			buildConfigurations = (
				EDE87F2224585D1E00C93DA9 /* Debug */,
				EDE87F2324585D1E00C93DA9 /* Release */,
			);
			defaultConfigurationIsVisible = 0;
			defaultConfigurationName = Release;
		};
/* End XCConfigurationList section */
	};
	rootObject = EDE87F0524585D1D00C93DA9 /* Project object */;
}
